
Microsoft Visual Studio Solution File, Format Version 12.00
# Visual Studio Version 16
VisualStudioVersion = 16.0.30413.136
MinimumVisualStudioVersion = 10.0.40219.1
Project("{FAE04EC0-301F-11D3-BF4B-00C04F79EFBC}") = "José-finLogistics", "José-finLogistics\José-finLogistics.csproj", "{E240A703-65FE-46EB-A06C-E6CFFECCEC17}"
EndProject
Global
	GlobalSection(SolutionConfigurationPlatforms) = preSolution
		Debug|Any CPU = Debug|Any CPU
		Release|Any CPU = Release|Any CPU
	EndGlobalSection
	GlobalSection(ProjectConfigurationPlatforms) = postSolution
		{E240A703-65FE-46EB-A06C-E6CFFECCEC17}.Debug|Any CPU.ActiveCfg = Debug|Any CPU
		{E240A703-65FE-46EB-A06C-E6CFFECCEC17}.Debug|Any CPU.Build.0 = Debug|Any CPU
		{E240A703-65FE-46EB-A06C-E6CFFECCEC17}.Release|Any CPU.ActiveCfg = Release|Any CPU
		{E240A703-65FE-46EB-A06C-E6CFFECCEC17}.Release|Any CPU.Build.0 = Release|Any CPU
	EndGlobalSection
	GlobalSection(SolutionProperties) = preSolution
		HideSolutionNode = FALSE
	EndGlobalSection
	GlobalSection(ExtensibilityGlobals) = postSolution
		SolutionGuid = {12FAD3DE-94B4-4AB1-A486-650C5C75DA11}
	EndGlobalSection
EndGlobal
